<Solution>
  <Project Path="HC.PageNotFoundManager\HC.PageNotFoundManager.csproj" />
  <Folder Name="/Test Sites/">
    <Project Path="TestSites\PNFM-Umb13TestSite\PNFM-Umb13TestSite.csproj" />
  </Folder>
  <Folder Name="/Solution files/">
    <File Path="LICENSE" />
    <File Path=".editorconfig" />
  </Folder>
</Solution>
